
Microsoft Visual Studio Solution File, Format Version 12.00
# Visual Studio Version 16
VisualStudioVersion = 16.0.29409.12
MinimumVisualStudioVersion = 10.0.40219.1
Project("{FAE04EC0-301F-11D3-BF4B-00C04F79EFBC}") = "Household", "Household\Household.csproj", "{354086B2-A0FE-4F20-9D81-5452B815DCA4}"
EndProject
Global
	GlobalSection(SolutionConfigurationPlatforms) = preSolution
		Debug|Any CPU = Debug|Any CPU
		Release|Any CPU = Release|Any CPU
	EndGlobalSection
	GlobalSection(ProjectConfigurationPlatforms) = postSolution
		{354086B2-A0FE-4F20-9D81-5452B815DCA4}.Debug|Any CPU.ActiveCfg = Debug|Any CPU
		{354086B2-A0FE-4F20-9D81-5452B815DCA4}.Debug|Any CPU.Build.0 = Debug|Any CPU
		{354086B2-A0FE-4F20-9D81-5452B815DCA4}.Release|Any CPU.ActiveCfg = Release|Any CPU
		{354086B2-A0FE-4F20-9D81-5452B815DCA4}.Release|Any CPU.Build.0 = Release|Any CPU
	EndGlobalSection
	GlobalSection(SolutionProperties) = preSolution
		HideSolutionNode = FALSE
	EndGlobalSection
	GlobalSection(ExtensibilityGlobals) = postSolution
		SolutionGuid = {E3FB1DB8-9760-4FD2-9C7A-3E81DE249749}
	EndGlobalSection
EndGlobal
